
Microsoft Visual Studio Solution File, Format Version 12.00
# Visual Studio Version 17
VisualStudioVersion = 17.2.32630.192
MinimumVisualStudioVersion = 10.0.40219.1
Project("{FAE04EC0-301F-11D3-BF4B-00C04F79EFBC}") = "AdventOfCode2022", "AdventOfCode2022\AdventOfCode2022.csproj", "{BD1B96A1-3C0F-4ECA-BEFF-3895B7326DB0}"
EndProject
Project("{FAE04EC0-301F-11D3-BF4B-00C04F79EFBC}") = "AdventOfCode2022Tests", "AdventOfCode2022Tests\AdventOfCode2022Tests.csproj", "{2C551D08-F97F-449A-B20A-BDF4AB37F903}"
EndProject
Global
	GlobalSection(SolutionConfigurationPlatforms) = preSolution
		Debug|Any CPU = Debug|Any CPU
		Release|Any CPU = Release|Any CPU
	EndGlobalSection
	GlobalSection(ProjectConfigurationPlatforms) = postSolution
		{BD1B96A1-3C0F-4ECA-BEFF-3895B7326DB0}.Debug|Any CPU.ActiveCfg = Debug|Any CPU
		{BD1B96A1-3C0F-4ECA-BEFF-3895B7326DB0}.Debug|Any CPU.Build.0 = Debug|Any CPU
		{BD1B96A1-3C0F-4ECA-BEFF-3895B7326DB0}.Release|Any CPU.ActiveCfg = Release|Any CPU
		{BD1B96A1-3C0F-4ECA-BEFF-3895B7326DB0}.Release|Any CPU.Build.0 = Release|Any CPU
		{2C551D08-F97F-449A-B20A-BDF4AB37F903}.Debug|Any CPU.ActiveCfg = Debug|Any CPU
		{2C551D08-F97F-449A-B20A-BDF4AB37F903}.Debug|Any CPU.Build.0 = Debug|Any CPU
		{2C551D08-F97F-449A-B20A-BDF4AB37F903}.Release|Any CPU.ActiveCfg = Release|Any CPU
		{2C551D08-F97F-449A-B20A-BDF4AB37F903}.Release|Any CPU.Build.0 = Release|Any CPU
	EndGlobalSection
	GlobalSection(SolutionProperties) = preSolution
		HideSolutionNode = FALSE
	EndGlobalSection
	GlobalSection(ExtensibilityGlobals) = postSolution
		SolutionGuid = {823EA3C5-5307-47BA-9F42-EEF834174F11}
	EndGlobalSection
EndGlobal
